
Microsoft Visual Studio Solution File, Format Version 12.00
# Visual Studio Version 17
VisualStudioVersion = 17.13.35931.197 d17.13
MinimumVisualStudioVersion = 10.0.40219.1
Project("{8BC9CEB8-8B4A-11D0-8D11-00A0C91BC942}") = "ACEProject", "ACEProject\ACEProject.vcxproj", "{D69D49FC-70FB-48CD-B384-3EC00C36818B}"
EndProject
Project("{8BC9CEB8-8B4A-11D0-8D11-00A0C91BC942}") = "x_reactor_demo", "x_reactor_demo\x_reactor_demo.vcxproj", "{B5CAFB36-B2E6-46E6-BA6A-A82E2C6D8C48}"
EndProject
Project("{8BC9CEB8-8B4A-11D0-8D11-00A0C91BC942}") = "x_reactor_client", "x_reactor_client\x_reactor_client.vcxproj", "{ED4839F5-F3A1-422A-8BDA-CF743F4E57AB}"
EndProject
Project("{8BC9CEB8-8B4A-11D0-8D11-00A0C91BC942}") = "ace_nt_server", "ace_nt_server\ace_nt_server.vcxproj", "{F85C21C2-8CE2-4139-9011-9337DD5F421F}"
EndProject
Global
	GlobalSection(SolutionConfigurationPlatforms) = preSolution
		Debug|x64 = Debug|x64
		Debug|x86 = Debug|x86
		HDebug|x64 = HDebug|x64
		HDebug|x86 = HDebug|x86
		HRelease|x64 = HRelease|x64
		HRelease|x86 = HRelease|x86
		Release|x64 = Release|x64
		Release|x86 = Release|x86
	EndGlobalSection
	GlobalSection(ProjectConfigurationPlatforms) = postSolution
		{D69D49FC-70FB-48CD-B384-3EC00C36818B}.Debug|x64.ActiveCfg = Debug|x64
		{D69D49FC-70FB-48CD-B384-3EC00C36818B}.Debug|x64.Build.0 = Debug|x64
		{D69D49FC-70FB-48CD-B384-3EC00C36818B}.Debug|x86.ActiveCfg = Debug|Win32
		{D69D49FC-70FB-48CD-B384-3EC00C36818B}.Debug|x86.Build.0 = Debug|Win32
		{D69D49FC-70FB-48CD-B384-3EC00C36818B}.HDebug|x64.ActiveCfg = HDebug|x64
		{D69D49FC-70FB-48CD-B384-3EC00C36818B}.HDebug|x64.Build.0 = HDebug|x64
		{D69D49FC-70FB-48CD-B384-3EC00C36818B}.HDebug|x86.ActiveCfg = HDebug|Win32
		{D69D49FC-70FB-48CD-B384-3EC00C36818B}.HDebug|x86.Build.0 = HDebug|Win32
		{D69D49FC-70FB-48CD-B384-3EC00C36818B}.HRelease|x64.ActiveCfg = HRelease|x64
		{D69D49FC-70FB-48CD-B384-3EC00C36818B}.HRelease|x64.Build.0 = HRelease|x64
		{D69D49FC-70FB-48CD-B384-3EC00C36818B}.HRelease|x86.ActiveCfg = HRelease|Win32
		{D69D49FC-70FB-48CD-B384-3EC00C36818B}.HRelease|x86.Build.0 = HRelease|Win32
		{D69D49FC-70FB-48CD-B384-3EC00C36818B}.Release|x64.ActiveCfg = Release|x64
		{D69D49FC-70FB-48CD-B384-3EC00C36818B}.Release|x64.Build.0 = Release|x64
		{D69D49FC-70FB-48CD-B384-3EC00C36818B}.Release|x86.ActiveCfg = Release|Win32
		{D69D49FC-70FB-48CD-B384-3EC00C36818B}.Release|x86.Build.0 = Release|Win32
		{B5CAFB36-B2E6-46E6-BA6A-A82E2C6D8C48}.Debug|x64.ActiveCfg = Debug|x64
		{B5CAFB36-B2E6-46E6-BA6A-A82E2C6D8C48}.Debug|x64.Build.0 = Debug|x64
		{B5CAFB36-B2E6-46E6-BA6A-A82E2C6D8C48}.Debug|x86.ActiveCfg = Debug|Win32
		{B5CAFB36-B2E6-46E6-BA6A-A82E2C6D8C48}.Debug|x86.Build.0 = Debug|Win32
		{B5CAFB36-B2E6-46E6-BA6A-A82E2C6D8C48}.HDebug|x64.ActiveCfg = Release|x64
		{B5CAFB36-B2E6-46E6-BA6A-A82E2C6D8C48}.HDebug|x64.Build.0 = Release|x64
		{B5CAFB36-B2E6-46E6-BA6A-A82E2C6D8C48}.HDebug|x86.ActiveCfg = Release|Win32
		{B5CAFB36-B2E6-46E6-BA6A-A82E2C6D8C48}.HDebug|x86.Build.0 = Release|Win32
		{B5CAFB36-B2E6-46E6-BA6A-A82E2C6D8C48}.HRelease|x64.ActiveCfg = Release|x64
		{B5CAFB36-B2E6-46E6-BA6A-A82E2C6D8C48}.HRelease|x64.Build.0 = Release|x64
		{B5CAFB36-B2E6-46E6-BA6A-A82E2C6D8C48}.HRelease|x86.ActiveCfg = Release|Win32
		{B5CAFB36-B2E6-46E6-BA6A-A82E2C6D8C48}.HRelease|x86.Build.0 = Release|Win32
		{B5CAFB36-B2E6-46E6-BA6A-A82E2C6D8C48}.Release|x64.ActiveCfg = Release|x64
		{B5CAFB36-B2E6-46E6-BA6A-A82E2C6D8C48}.Release|x64.Build.0 = Release|x64
		{B5CAFB36-B2E6-46E6-BA6A-A82E2C6D8C48}.Release|x86.ActiveCfg = Release|Win32
		{B5CAFB36-B2E6-46E6-BA6A-A82E2C6D8C48}.Release|x86.Build.0 = Release|Win32
		{ED4839F5-F3A1-422A-8BDA-CF743F4E57AB}.Debug|x64.ActiveCfg = Debug|x64
		{ED4839F5-F3A1-422A-8BDA-CF743F4E57AB}.Debug|x64.Build.0 = Debug|x64
		{ED4839F5-F3A1-422A-8BDA-CF743F4E57AB}.Debug|x86.ActiveCfg = Debug|Win32
		{ED4839F5-F3A1-422A-8BDA-CF743F4E57AB}.Debug|x86.Build.0 = Debug|Win32
		{ED4839F5-F3A1-422A-8BDA-CF743F4E57AB}.HDebug|x64.ActiveCfg = Release|x64
		{ED4839F5-F3A1-422A-8BDA-CF743F4E57AB}.HDebug|x64.Build.0 = Release|x64
		{ED4839F5-F3A1-422A-8BDA-CF743F4E57AB}.HDebug|x86.ActiveCfg = Release|Win32
		{ED4839F5-F3A1-422A-8BDA-CF743F4E57AB}.HDebug|x86.Build.0 = Release|Win32
		{ED4839F5-F3A1-422A-8BDA-CF743F4E57AB}.HRelease|x64.ActiveCfg = Release|x64
		{ED4839F5-F3A1-422A-8BDA-CF743F4E57AB}.HRelease|x64.Build.0 = Release|x64
		{ED4839F5-F3A1-422A-8BDA-CF743F4E57AB}.HRelease|x86.ActiveCfg = Release|Win32
		{ED4839F5-F3A1-422A-8BDA-CF743F4E57AB}.HRelease|x86.Build.0 = Release|Win32
		{ED4839F5-F3A1-422A-8BDA-CF743F4E57AB}.Release|x64.ActiveCfg = Release|x64
		{ED4839F5-F3A1-422A-8BDA-CF743F4E57AB}.Release|x64.Build.0 = Release|x64
		{ED4839F5-F3A1-422A-8BDA-CF743F4E57AB}.Release|x86.ActiveCfg = Release|Win32
		{ED4839F5-F3A1-422A-8BDA-CF743F4E57AB}.Release|x86.Build.0 = Release|Win32
		{F85C21C2-8CE2-4139-9011-9337DD5F421F}.Debug|x64.ActiveCfg = Debug|x64
		{F85C21C2-8CE2-4139-9011-9337DD5F421F}.Debug|x64.Build.0 = Debug|x64
		{F85C21C2-8CE2-4139-9011-9337DD5F421F}.Debug|x86.ActiveCfg = Debug|Win32
		{F85C21C2-8CE2-4139-9011-9337DD5F421F}.Debug|x86.Build.0 = Debug|Win32
		{F85C21C2-8CE2-4139-9011-9337DD5F421F}.HDebug|x64.ActiveCfg = Release|x64
		{F85C21C2-8CE2-4139-9011-9337DD5F421F}.HDebug|x64.Build.0 = Release|x64
		{F85C21C2-8CE2-4139-9011-9337DD5F421F}.HDebug|x86.ActiveCfg = Release|Win32
		{F85C21C2-8CE2-4139-9011-9337DD5F421F}.HDebug|x86.Build.0 = Release|Win32
		{F85C21C2-8CE2-4139-9011-9337DD5F421F}.HRelease|x64.ActiveCfg = Release|x64
		{F85C21C2-8CE2-4139-9011-9337DD5F421F}.HRelease|x64.Build.0 = Release|x64
		{F85C21C2-8CE2-4139-9011-9337DD5F421F}.HRelease|x86.ActiveCfg = Release|Win32
		{F85C21C2-8CE2-4139-9011-9337DD5F421F}.HRelease|x86.Build.0 = Release|Win32
		{F85C21C2-8CE2-4139-9011-9337DD5F421F}.Release|x64.ActiveCfg = Release|x64
		{F85C21C2-8CE2-4139-9011-9337DD5F421F}.Release|x64.Build.0 = Release|x64
		{F85C21C2-8CE2-4139-9011-9337DD5F421F}.Release|x86.ActiveCfg = Release|Win32
		{F85C21C2-8CE2-4139-9011-9337DD5F421F}.Release|x86.Build.0 = Release|Win32
	EndGlobalSection
	GlobalSection(SolutionProperties) = preSolution
		HideSolutionNode = FALSE
	EndGlobalSection
	GlobalSection(ExtensibilityGlobals) = postSolution
		SolutionGuid = {DA8BCC23-835A-4A2A-A58C-E421F9B87BAD}
	EndGlobalSection
EndGlobal
